// !$*UTF8*$!
{
	archiveVersion = 1;
	classes = {
	};
	objectVersion = 55;
	objects = {

/* Begin PBXBuildFile section */
		E7CFD1842807F199004A8049 /* AppDelegate.swift in Sources */ = {isa = PBXBuildFile; fileRef = E7CFD1832807F199004A8049 /* AppDelegate.swift */; };
		E7CFD1862807F199004A8049 /* SceneDelegate.swift in Sources */ = {isa = PBXBuildFile; fileRef = E7CFD1852807F199004A8049 /* SceneDelegate.swift */; };
		E7CFD18D2807F19F004A8049 /* Assets.xcassets in Resources */ = {isa = PBXBuildFile; fileRef = E7CFD18C2807F19F004A8049 /* Assets.xcassets */; };
		E7CFD1902807F19F004A8049 /* LaunchScreen.storyboard in Resources */ = {isa = PBXBuildFile; fileRef = E7CFD18E2807F19F004A8049 /* LaunchScreen.storyboard */; };
		E7CFD19B2807F19F004A8049 /* WeatherAppTests.swift in Sources */ = {isa = PBXBuildFile; fileRef = E7CFD19A2807F19F004A8049 /* WeatherAppTests.swift */; };
		E7CFD1A52807F1A0004A8049 /* WeatherAppUITests.swift in Sources */ = {isa = PBXBuildFile; fileRef = E7CFD1A42807F1A0004A8049 /* WeatherAppUITests.swift */; };
		E7CFD1A72807F1A0004A8049 /* WeatherAppUITestsLaunchTests.swift in Sources */ = {isa = PBXBuildFile; fileRef = E7CFD1A62807F1A0004A8049 /* WeatherAppUITestsLaunchTests.swift */; };
		E7CFD1B62807F51A004A8049 /* MainViewController.swift in Sources */ = {isa = PBXBuildFile; fileRef = E7CFD1B42807F51A004A8049 /* MainViewController.swift */; };
		E7CFD1B72807F51A004A8049 /* MainViewController.xib in Resources */ = {isa = PBXBuildFile; fileRef = E7CFD1B52807F51A004A8049 /* MainViewController.xib */; };
		E7CFD1B92807F83C004A8049 /* WeatherDataCodable.swift in Sources */ = {isa = PBXBuildFile; fileRef = E7CFD1B82807F83C004A8049 /* WeatherDataCodable.swift */; };
/* End PBXBuildFile section */

/* Begin PBXContainerItemProxy section */
		E7CFD1972807F19F004A8049 /* PBXContainerItemProxy */ = {
			isa = PBXContainerItemProxy;
			containerPortal = E7CFD1782807F199004A8049 /* Project object */;
			proxyType = 1;
			remoteGlobalIDString = E7CFD17F2807F199004A8049;
			remoteInfo = WeatherApp;
		};
		E7CFD1A12807F1A0004A8049 /* PBXContainerItemProxy */ = {
			isa = PBXContainerItemProxy;
			containerPortal = E7CFD1782807F199004A8049 /* Project object */;
			proxyType = 1;
			remoteGlobalIDString = E7CFD17F2807F199004A8049;
			remoteInfo = WeatherApp;
		};
/* End PBXContainerItemProxy section */

/* Begin PBXFileReference section */
		E7CFD1802807F199004A8049 /* WeatherApp.app */ = {isa = PBXFileReference; explicitFileType = wrapper.application; includeInIndex = 0; path = WeatherApp.app; sourceTree = BUILT_PRODUCTS_DIR; };
		E7CFD1832807F199004A8049 /* AppDelegate.swift */ = {isa = PBXFileReference; lastKnownFileType = sourcecode.swift; path = AppDelegate.swift; sourceTree = "<group>"; };
		E7CFD1852807F199004A8049 /* SceneDelegate.swift */ = {isa = PBXFileReference; lastKnownFileType = sourcecode.swift; path = SceneDelegate.swift; sourceTree = "<group>"; };
		E7CFD18C2807F19F004A8049 /* Assets.xcassets */ = {isa = PBXFileReference; lastKnownFileType = folder.assetcatalog; path = Assets.xcassets; sourceTree = "<group>"; };
		E7CFD18F2807F19F004A8049 /* Base */ = {isa = PBXFileReference; lastKnownFileType = file.storyboard; name = Base; path = Base.lproj/LaunchScreen.storyboard; sourceTree = "<group>"; };
		E7CFD1912807F19F004A8049 /* Info.plist */ = {isa = PBXFileReference; lastKnownFileType = text.plist.xml; path = Info.plist; sourceTree = "<group>"; };
		E7CFD1962807F19F004A8049 /* WeatherAppTests.xctest */ = {isa = PBXFileReference; explicitFileType = wrapper.cfbundle; includeInIndex = 0; path = WeatherAppTests.xctest; sourceTree = BUILT_PRODUCTS_DIR; };
		E7CFD19A2807F19F004A8049 /* WeatherAppTests.swift */ = {isa = PBXFileReference; lastKnownFileType = sourcecode.swift; path = WeatherAppTests.swift; sourceTree = "<group>"; };
		E7CFD1A02807F1A0004A8049 /* WeatherAppUITests.xctest */ = {isa = PBXFileReference; explicitFileType = wrapper.cfbundle; includeInIndex = 0; path = WeatherAppUITests.xctest; sourceTree = BUILT_PRODUCTS_DIR; };
		E7CFD1A42807F1A0004A8049 /* WeatherAppUITests.swift */ = {isa = PBXFileReference; lastKnownFileType = sourcecode.swift; path = WeatherAppUITests.swift; sourceTree = "<group>"; };
		E7CFD1A62807F1A0004A8049 /* WeatherAppUITestsLaunchTests.swift */ = {isa = PBXFileReference; lastKnownFileType = sourcecode.swift; path = WeatherAppUITestsLaunchTests.swift; sourceTree = "<group>"; };
		E7CFD1B42807F51A004A8049 /* MainViewController.swift */ = {isa = PBXFileReference; lastKnownFileType = sourcecode.swift; path = MainViewController.swift; sourceTree = "<group>"; };
		E7CFD1B52807F51A004A8049 /* MainViewController.xib */ = {isa = PBXFileReference; lastKnownFileType = file.xib; path = MainViewController.xib; sourceTree = "<group>"; };
		E7CFD1B82807F83C004A8049 /* WeatherDataCodable.swift */ = {isa = PBXFileReference; lastKnownFileType = sourcecode.swift; path = WeatherDataCodable.swift; sourceTree = "<group>"; };
/* End PBXFileReference section */

/* Begin PBXFrameworksBuildPhase section */
		E7CFD17D2807F199004A8049 /* Frameworks */ = {
			isa = PBXFrameworksBuildPhase;
			buildActionMask = 2147483647;
			files = (
			);
			runOnlyForDeploymentPostprocessing = 0;
		};
		E7CFD1932807F19F004A8049 /* Frameworks */ = {
			isa = PBXFrameworksBuildPhase;
			buildActionMask = 2147483647;
			files = (
			);
			runOnlyForDeploymentPostprocessing = 0;
		};
		E7CFD19D2807F1A0004A8049 /* Frameworks */ = {
			isa = PBXFrameworksBuildPhase;
			buildActionMask = 2147483647;
			files = (
			);
			runOnlyForDeploymentPostprocessing = 0;
		};
/* End PBXFrameworksBuildPhase section */

/* Begin PBXGroup section */
		E7CFD1772807F199004A8049 = {
			isa = PBXGroup;
			children = (
				E7CFD1822807F199004A8049 /* WeatherApp */,
				E7CFD1992807F19F004A8049 /* WeatherAppTests */,
				E7CFD1A32807F1A0004A8049 /* WeatherAppUITests */,
				E7CFD1812807F199004A8049 /* Products */,
			);
			sourceTree = "<group>";
		};
		E7CFD1812807F199004A8049 /* Products */ = {
			isa = PBXGroup;
			children = (
				E7CFD1802807F199004A8049 /* WeatherApp.app */,
				E7CFD1962807F19F004A8049 /* WeatherAppTests.xctest */,
				E7CFD1A02807F1A0004A8049 /* WeatherAppUITests.xctest */,
			);
			name = Products;
			sourceTree = "<group>";
		};
		E7CFD1822807F199004A8049 /* WeatherApp */ = {
			isa = PBXGroup;
			children = (
				E7CFD1832807F199004A8049 /* AppDelegate.swift */,
				E7CFD1852807F199004A8049 /* SceneDelegate.swift */,
				E7CFD18E2807F19F004A8049 /* LaunchScreen.storyboard */,
				E7CFD1B32807F4E9004A8049 /* MainViewController */,
				E7CFD1B82807F83C004A8049 /* WeatherDataCodable.swift */,
				E7CFD18C2807F19F004A8049 /* Assets.xcassets */,
				E7CFD1912807F19F004A8049 /* Info.plist */,
			);
			path = WeatherApp;
			sourceTree = "<group>";
		};
		E7CFD1992807F19F004A8049 /* WeatherAppTests */ = {
			isa = PBXGroup;
			children = (
				E7CFD19A2807F19F004A8049 /* WeatherAppTests.swift */,
			);
			path = WeatherAppTests;
			sourceTree = "<group>";
		};
		E7CFD1A32807F1A0004A8049 /* WeatherAppUITests */ = {
			isa = PBXGroup;
			children = (
				E7CFD1A42807F1A0004A8049 /* WeatherAppUITests.swift */,
				E7CFD1A62807F1A0004A8049 /* WeatherAppUITestsLaunchTests.swift */,
			);
			path = WeatherAppUITests;
			sourceTree = "<group>";
		};
		E7CFD1B32807F4E9004A8049 /* MainViewController */ = {
			isa = PBXGroup;
			children = (
				E7CFD1B42807F51A004A8049 /* MainViewController.swift */,
				E7CFD1B52807F51A004A8049 /* MainViewController.xib */,
			);
			path = MainViewController;
			sourceTree = "<group>";
		};
/* End PBXGroup section */

/* Begin PBXNativeTarget section */
		E7CFD17F2807F199004A8049 /* WeatherApp */ = {
			isa = PBXNativeTarget;
			buildConfigurationList = E7CFD1AA2807F1A0004A8049 /* Build configuration list for PBXNativeTarget "WeatherApp" */;
			buildPhases = (
				E7CFD17C2807F199004A8049 /* Sources */,
				E7CFD17D2807F199004A8049 /* Frameworks */,
				E7CFD17E2807F199004A8049 /* Resources */,
			);
			buildRules = (
			);
			dependencies = (
			);
			name = WeatherApp;
			productName = WeatherApp;
			productReference = E7CFD1802807F199004A8049 /* WeatherApp.app */;
			productType = "com.apple.product-type.application";
		};
		E7CFD1952807F19F004A8049 /* WeatherAppTests */ = {
			isa = PBXNativeTarget;
			buildConfigurationList = E7CFD1AD2807F1A0004A8049 /* Build configuration list for PBXNativeTarget "WeatherAppTests" */;
			buildPhases = (
				E7CFD1922807F19F004A8049 /* Sources */,
				E7CFD1932807F19F004A8049 /* Frameworks */,
				E7CFD1942807F19F004A8049 /* Resources */,
			);
			buildRules = (
			);
			dependencies = (
				E7CFD1982807F19F004A8049 /* PBXTargetDependency */,
			);
			name = WeatherAppTests;
			productName = WeatherAppTests;
			productReference = E7CFD1962807F19F004A8049 /* WeatherAppTests.xctest */;
			productType = "com.apple.product-type.bundle.unit-test";
		};
		E7CFD19F2807F1A0004A8049 /* WeatherAppUITests */ = {
			isa = PBXNativeTarget;
			buildConfigurationList = E7CFD1B02807F1A0004A8049 /* Build configuration list for PBXNativeTarget "WeatherAppUITests" */;
			buildPhases = (
				E7CFD19C2807F1A0004A8049 /* Sources */,
				E7CFD19D2807F1A0004A8049 /* Frameworks */,
				E7CFD19E2807F1A0004A8049 /* Resources */,
			);
			buildRules = (
			);
			dependencies = (
				E7CFD1A22807F1A0004A8049 /* PBXTargetDependency */,
			);
			name = WeatherAppUITests;
			productName = WeatherAppUITests;
			productReference = E7CFD1A02807F1A0004A8049 /* WeatherAppUITests.xctest */;
			productType = "com.apple.product-type.bundle.ui-testing";
		};
/* End PBXNativeTarget section */

/* Begin PBXProject section */
		E7CFD1782807F199004A8049 /* Project object */ = {
			isa = PBXProject;
			attributes = {
				BuildIndependentTargetsInParallel = 1;
				LastSwiftUpdateCheck = 1330;
				LastUpgradeCheck = 1330;
				TargetAttributes = {
					E7CFD17F2807F199004A8049 = {
						CreatedOnToolsVersion = 13.3;
					};
					E7CFD1952807F19F004A8049 = {
						CreatedOnToolsVersion = 13.3;
						TestTargetID = E7CFD17F2807F199004A8049;
					};
					E7CFD19F2807F1A0004A8049 = {
						CreatedOnToolsVersion = 13.3;
						TestTargetID = E7CFD17F2807F199004A8049;
					};
				};
			};
			buildConfigurationList = E7CFD17B2807F199004A8049 /* Build configuration list for PBXProject "WeatherApp" */;
			compatibilityVersion = "Xcode 13.0";
			developmentRegion = en;
			hasScannedForEncodings = 0;
			knownRegions = (
				en,
				Base,
			);
			mainGroup = E7CFD1772807F199004A8049;
			productRefGroup = E7CFD1812807F199004A8049 /* Products */;
			projectDirPath = "";
			projectRoot = "";
			targets = (
				E7CFD17F2807F199004A8049 /* WeatherApp */,
				E7CFD1952807F19F004A8049 /* WeatherAppTests */,
				E7CFD19F2807F1A0004A8049 /* WeatherAppUITests */,
			);
		};
/* End PBXProject section */

/* Begin PBXResourcesBuildPhase section */
		E7CFD17E2807F199004A8049 /* Resources */ = {
			isa = PBXResourcesBuildPhase;
			buildActionMask = 2147483647;
			files = (
				E7CFD1902807F19F004A8049 /* LaunchScreen.storyboard in Resources */,
				E7CFD18D2807F19F004A8049 /* Assets.xcassets in Resources */,
				E7CFD1B72807F51A004A8049 /* MainViewController.xib in Resources */,
			);
			runOnlyForDeploymentPostprocessing = 0;
		};
		E7CFD1942807F19F004A8049 /* Resources */ = {
			isa = PBXResourcesBuildPhase;
			buildActionMask = 2147483647;
			files = (
			);
			runOnlyForDeploymentPostprocessing = 0;
		};
		E7CFD19E2807F1A0004A8049 /* Resources */ = {
			isa = PBXResourcesBuildPhase;
			buildActionMask = 2147483647;
			files = (
			);
			runOnlyForDeploymentPostprocessing = 0;
		};
/* End PBXResourcesBuildPhase section */

/* Begin PBXSourcesBuildPhase section */
		E7CFD17C2807F199004A8049 /* Sources */ = {
			isa = PBXSourcesBuildPhase;
			buildActionMask = 2147483647;
			files = (
				E7CFD1842807F199004A8049 /* AppDelegate.swift in Sources */,
				E7CFD1862807F199004A8049 /* SceneDelegate.swift in Sources */,
				E7CFD1B62807F51A004A8049 /* MainViewController.swift in Sources */,
				E7CFD1B92807F83C004A8049 /* WeatherDataCodable.swift in Sources */,
			);
			runOnlyForDeploymentPostprocessing = 0;
		};
		E7CFD1922807F19F004A8049 /* Sources */ = {
			isa = PBXSourcesBuildPhase;
			buildActionMask = 2147483647;
			files = (
				E7CFD19B2807F19F004A8049 /* WeatherAppTests.swift in Sources */,
			);
			runOnlyForDeploymentPostprocessing = 0;
		};
		E7CFD19C2807F1A0004A8049 /* Sources */ = {
			isa = PBXSourcesBuildPhase;
			buildActionMask = 2147483647;
			files = (
				E7CFD1A52807F1A0004A8049 /* WeatherAppUITests.swift in Sources */,
				E7CFD1A72807F1A0004A8049 /* WeatherAppUITestsLaunchTests.swift in Sources */,
			);
			runOnlyForDeploymentPostprocessing = 0;
		};
/* End PBXSourcesBuildPhase section */

/* Begin PBXTargetDependency section */
		E7CFD1982807F19F004A8049 /* PBXTargetDependency */ = {
			isa = PBXTargetDependency;
			target = E7CFD17F2807F199004A8049 /* WeatherApp */;
			targetProxy = E7CFD1972807F19F004A8049 /* PBXContainerItemProxy */;
		};
		E7CFD1A22807F1A0004A8049 /* PBXTargetDependency */ = {
			isa = PBXTargetDependency;
			target = E7CFD17F2807F199004A8049 /* WeatherApp */;
			targetProxy = E7CFD1A12807F1A0004A8049 /* PBXContainerItemProxy */;
		};
/* End PBXTargetDependency section */

/* Begin PBXVariantGroup section */
		E7CFD18E2807F19F004A8049 /* LaunchScreen.storyboard */ = {
			isa = PBXVariantGroup;
			children = (
				E7CFD18F2807F19F004A8049 /* Base */,
			);
			name = LaunchScreen.storyboard;
			sourceTree = "<group>";
		};
/* End PBXVariantGroup section */

/* Begin XCBuildConfiguration section */
		E7CFD1A82807F1A0004A8049 /* Debug */ = {
			isa = XCBuildConfiguration;
			buildSettings = {
				ALWAYS_SEARCH_USER_PATHS = NO;
				CLANG_ANALYZER_NONNULL = YES;
				CLANG_ANALYZER_NUMBER_OBJECT_CONVERSION = YES_AGGRESSIVE;
				CLANG_CXX_LANGUAGE_STANDARD = "gnu++17";
				CLANG_ENABLE_MODULES = YES;
				CLANG_ENABLE_OBJC_ARC = YES;
				CLANG_ENABLE_OBJC_WEAK = YES;
				CLANG_WARN_BLOCK_CAPTURE_AUTORELEASING = YES;
				CLANG_WARN_BOOL_CONVERSION = YES;
				CLANG_WARN_COMMA = YES;
				CLANG_WARN_CONSTANT_CONVERSION = YES;
				CLANG_WARN_DEPRECATED_OBJC_IMPLEMENTATIONS = YES;
				CLANG_WARN_DIRECT_OBJC_ISA_USAGE = YES_ERROR;
				CLANG_WARN_DOCUMENTATION_COMMENTS = YES;
				CLANG_WARN_EMPTY_BODY = YES;
				CLANG_WARN_ENUM_CONVERSION = YES;
				CLANG_WARN_INFINITE_RECURSION = YES;
				CLANG_WARN_INT_CONVERSION = YES;
				CLANG_WARN_NON_LITERAL_NULL_CONVERSION = YES;
				CLANG_WARN_OBJC_IMPLICIT_RETAIN_SELF = YES;
				CLANG_WARN_OBJC_LITERAL_CONVERSION = YES;
				CLANG_WARN_OBJC_ROOT_CLASS = YES_ERROR;
				CLANG_WARN_QUOTED_INCLUDE_IN_FRAMEWORK_HEADER = YES;
				CLANG_WARN_RANGE_LOOP_ANALYSIS = YES;
				CLANG_WARN_STRICT_PROTOTYPES = YES;
				CLANG_WARN_SUSPICIOUS_MOVE = YES;
				CLANG_WARN_UNGUARDED_AVAILABILITY = YES_AGGRESSIVE;
				CLANG_WARN_UNREACHABLE_CODE = YES;
				CLANG_WARN__DUPLICATE_METHOD_MATCH = YES;
				COPY_PHASE_STRIP = NO;
				DEBUG_INFORMATION_FORMAT = dwarf;
				ENABLE_STRICT_OBJC_MSGSEND = YES;
				ENABLE_TESTABILITY = YES;
				GCC_C_LANGUAGE_STANDARD = gnu11;
				GCC_DYNAMIC_NO_PIC = NO;
				GCC_NO_COMMON_BLOCKS = YES;
				GCC_OPTIMIZATION_LEVEL = 0;
				GCC_PREPROCESSOR_DEFINITIONS = (
					"DEBUG=1",
					"$(inherited)",
				);
				GCC_WARN_64_TO_32_BIT_CONVERSION = YES;
				GCC_WARN_ABOUT_RETURN_TYPE = YES_ERROR;
				GCC_WARN_UNDECLARED_SELECTOR = YES;
				GCC_WARN_UNINITIALIZED_AUTOS = YES_AGGRESSIVE;
				GCC_WARN_UNUSED_FUNCTION = YES;
				GCC_WARN_UNUSED_VARIABLE = YES;
				IPHONEOS_DEPLOYMENT_TARGET = 15.4;
				MTL_ENABLE_DEBUG_INFO = INCLUDE_SOURCE;
				MTL_FAST_MATH = YES;
				ONLY_ACTIVE_ARCH = YES;
				SDKROOT = iphoneos;
				SWIFT_ACTIVE_COMPILATION_CONDITIONS = DEBUG;
				SWIFT_OPTIMIZATION_LEVEL = "-Onone";
			};
			name = Debug;
		};
		E7CFD1A92807F1A0004A8049 /* Release */ = {
			isa = XCBuildConfiguration;
			buildSettings = {
				ALWAYS_SEARCH_USER_PATHS = NO;
				CLANG_ANALYZER_NONNULL = YES;
				CLANG_ANALYZER_NUMBER_OBJECT_CONVERSION = YES_AGGRESSIVE;
				CLANG_CXX_LANGUAGE_STANDARD = "gnu++17";
				CLANG_ENABLE_MODULES = YES;
				CLANG_ENABLE_OBJC_ARC = YES;
				CLANG_ENABLE_OBJC_WEAK = YES;
				CLANG_WARN_BLOCK_CAPTURE_AUTORELEASING = YES;
				CLANG_WARN_BOOL_CONVERSION = YES;
				CLANG_WARN_COMMA = YES;
				CLANG_WARN_CONSTANT_CONVERSION = YES;
				CLANG_WARN_DEPRECATED_OBJC_IMPLEMENTATIONS = YES;
				CLANG_WARN_DIRECT_OBJC_ISA_USAGE = YES_ERROR;
				CLANG_WARN_DOCUMENTATION_COMMENTS = YES;
				CLANG_WARN_EMPTY_BODY = YES;
				CLANG_WARN_ENUM_CONVERSION = YES;
				CLANG_WARN_INFINITE_RECURSION = YES;
				CLANG_WARN_INT_CONVERSION = YES;
				CLANG_WARN_NON_LITERAL_NULL_CONVERSION = YES;
				CLANG_WARN_OBJC_IMPLICIT_RETAIN_SELF = YES;
				CLANG_WARN_OBJC_LITERAL_CONVERSION = YES;
				CLANG_WARN_OBJC_ROOT_CLASS = YES_ERROR;
				CLANG_WARN_QUOTED_INCLUDE_IN_FRAMEWORK_HEADER = YES;
				CLANG_WARN_RANGE_LOOP_ANALYSIS = YES;
				CLANG_WARN_STRICT_PROTOTYPES = YES;
				CLANG_WARN_SUSPICIOUS_MOVE = YES;
				CLANG_WARN_UNGUARDED_AVAILABILITY = YES_AGGRESSIVE;
				CLANG_WARN_UNREACHABLE_CODE = YES;
				CLANG_WARN__DUPLICATE_METHOD_MATCH = YES;
				COPY_PHASE_STRIP = NO;
				DEBUG_INFORMATION_FORMAT = "dwarf-with-dsym";
				ENABLE_NS_ASSERTIONS = NO;
				ENABLE_STRICT_OBJC_MSGSEND = YES;
				GCC_C_LANGUAGE_STANDARD = gnu11;
				GCC_NO_COMMON_BLOCKS = YES;
				GCC_WARN_64_TO_32_BIT_CONVERSION = YES;
				GCC_WARN_ABOUT_RETURN_TYPE = YES_ERROR;
				GCC_WARN_UNDECLARED_SELECTOR = YES;
				GCC_WARN_UNINITIALIZED_AUTOS = YES_AGGRESSIVE;
				GCC_WARN_UNUSED_FUNCTION = YES;
				GCC_WARN_UNUSED_VARIABLE = YES;
				IPHONEOS_DEPLOYMENT_TARGET = 15.4;
				MTL_ENABLE_DEBUG_INFO = NO;
				MTL_FAST_MATH = YES;
				SDKROOT = iphoneos;
				SWIFT_COMPILATION_MODE = wholemodule;
				SWIFT_OPTIMIZATION_LEVEL = "-O";
				VALIDATE_PRODUCT = YES;
			};
			name = Release;
		};
		E7CFD1AB2807F1A0004A8049 /* Debug */ = {
			isa = XCBuildConfiguration;
			buildSettings = {
				ASSETCATALOG_COMPILER_APPICON_NAME = AppIcon;
				ASSETCATALOG_COMPILER_GLOBAL_ACCENT_COLOR_NAME = AccentColor;
				CODE_SIGN_STYLE = Automatic;
				CURRENT_PROJECT_VERSION = 1;
				DEVELOPMENT_TEAM = S8FBP4YLUA;
				GENERATE_INFOPLIST_FILE = YES;
				INFOPLIST_FILE = WeatherApp/Info.plist;
				INFOPLIST_KEY_NSMainNibFile = MainViewController;
				INFOPLIST_KEY_UIApplicationSupportsIndirectInputEvents = YES;
				INFOPLIST_KEY_UILaunchStoryboardName = LaunchScreen;
				INFOPLIST_KEY_UISupportedInterfaceOrientations_iPad = "UIInterfaceOrientationPortrait UIInterfaceOrientationPortraitUpsideDown UIInterfaceOrientationLandscapeLeft UIInterfaceOrientationLandscapeRight";
				INFOPLIST_KEY_UISupportedInterfaceOrientations_iPhone = "UIInterfaceOrientationPortrait UIInterfaceOrientationLandscapeLeft UIInterfaceOrientationLandscapeRight";
				LD_RUNPATH_SEARCH_PATHS = (
					"$(inherited)",
					"@executable_path/Frameworks",
				);
				MARKETING_VERSION = 1.0;
				PRODUCT_BUNDLE_IDENTIFIER = DefaltLeeTest.WeatherApp;
				PRODUCT_NAME = "$(TARGET_NAME)";
				SWIFT_EMIT_LOC_STRINGS = YES;
				SWIFT_VERSION = 5.0;
				TARGETED_DEVICE_FAMILY = "1,2";
			};
			name = Debug;
		};
		E7CFD1AC2807F1A0004A8049 /* Release */ = {
			isa = XCBuildConfiguration;
			buildSettings = {
				ASSETCATALOG_COMPILER_APPICON_NAME = AppIcon;
				ASSETCATALOG_COMPILER_GLOBAL_ACCENT_COLOR_NAME = AccentColor;
				CODE_SIGN_STYLE = Automatic;
				CURRENT_PROJECT_VERSION = 1;
				DEVELOPMENT_TEAM = S8FBP4YLUA;
				GENERATE_INFOPLIST_FILE = YES;
				INFOPLIST_FILE = WeatherApp/Info.plist;
				INFOPLIST_KEY_NSMainNibFile = MainViewController;
				INFOPLIST_KEY_UIApplicationSupportsIndirectInputEvents = YES;
				INFOPLIST_KEY_UILaunchStoryboardName = LaunchScreen;
				INFOPLIST_KEY_UISupportedInterfaceOrientations_iPad = "UIInterfaceOrientationPortrait UIInterfaceOrientationPortraitUpsideDown UIInterfaceOrientationLandscapeLeft UIInterfaceOrientationLandscapeRight";
				INFOPLIST_KEY_UISupportedInterfaceOrientations_iPhone = "UIInterfaceOrientationPortrait UIInterfaceOrientationLandscapeLeft UIInterfaceOrientationLandscapeRight";
				LD_RUNPATH_SEARCH_PATHS = (
					"$(inherited)",
					"@executable_path/Frameworks",
				);
				MARKETING_VERSION = 1.0;
				PRODUCT_BUNDLE_IDENTIFIER = DefaltLeeTest.WeatherApp;
				PRODUCT_NAME = "$(TARGET_NAME)";
				SWIFT_EMIT_LOC_STRINGS = YES;
				SWIFT_VERSION = 5.0;
				TARGETED_DEVICE_FAMILY = "1,2";
			};
			name = Release;
		};
		E7CFD1AE2807F1A0004A8049 /* Debug */ = {
			isa = XCBuildConfiguration;
			buildSettings = {
				ALWAYS_EMBED_SWIFT_STANDARD_LIBRARIES = YES;
				BUNDLE_LOADER = "$(TEST_HOST)";
				CODE_SIGN_STYLE = Automatic;
				CURRENT_PROJECT_VERSION = 1;
				DEVELOPMENT_TEAM = S8FBP4YLUA;
				GENERATE_INFOPLIST_FILE = YES;
				IPHONEOS_DEPLOYMENT_TARGET = 15.4;
				MARKETING_VERSION = 1.0;
				PRODUCT_BUNDLE_IDENTIFIER = DefaltLeeTest.WeatherAppTests;
				PRODUCT_NAME = "$(TARGET_NAME)";
				SWIFT_EMIT_LOC_STRINGS = NO;
				SWIFT_VERSION = 5.0;
				TARGETED_DEVICE_FAMILY = "1,2";
				TEST_HOST = "$(BUILT_PRODUCTS_DIR)/WeatherApp.app/WeatherApp";
			};
			name = Debug;
		};
		E7CFD1AF2807F1A0004A8049 /* Release */ = {
			isa = XCBuildConfiguration;
			buildSettings = {
				ALWAYS_EMBED_SWIFT_STANDARD_LIBRARIES = YES;
				BUNDLE_LOADER = "$(TEST_HOST)";
				CODE_SIGN_STYLE = Automatic;
				CURRENT_PROJECT_VERSION = 1;
				DEVELOPMENT_TEAM = S8FBP4YLUA;
				GENERATE_INFOPLIST_FILE = YES;
				IPHONEOS_DEPLOYMENT_TARGET = 15.4;
				MARKETING_VERSION = 1.0;
				PRODUCT_BUNDLE_IDENTIFIER = DefaltLeeTest.WeatherAppTests;
				PRODUCT_NAME = "$(TARGET_NAME)";
				SWIFT_EMIT_LOC_STRINGS = NO;
				SWIFT_VERSION = 5.0;
				TARGETED_DEVICE_FAMILY = "1,2";
				TEST_HOST = "$(BUILT_PRODUCTS_DIR)/WeatherApp.app/WeatherApp";
			};
			name = Release;
		};
		E7CFD1B12807F1A0004A8049 /* Debug */ = {
			isa = XCBuildConfiguration;
			buildSettings = {
				ALWAYS_EMBED_SWIFT_STANDARD_LIBRARIES = YES;
				CODE_SIGN_STYLE = Automatic;
				CURRENT_PROJECT_VERSION = 1;
				DEVELOPMENT_TEAM = S8FBP4YLUA;
				GENERATE_INFOPLIST_FILE = YES;
				MARKETING_VERSION = 1.0;
				PRODUCT_BUNDLE_IDENTIFIER = DefaltLeeTest.WeatherAppUITests;
				PRODUCT_NAME = "$(TARGET_NAME)";
				SWIFT_EMIT_LOC_STRINGS = NO;
				SWIFT_VERSION = 5.0;
				TARGETED_DEVICE_FAMILY = "1,2";
				TEST_TARGET_NAME = WeatherApp;
			};
			name = Debug;
		};
		E7CFD1B22807F1A0004A8049 /* Release */ = {
			isa = XCBuildConfiguration;
			buildSettings = {
				ALWAYS_EMBED_SWIFT_STANDARD_LIBRARIES = YES;
				CODE_SIGN_STYLE = Automatic;
				CURRENT_PROJECT_VERSION = 1;
				DEVELOPMENT_TEAM = S8FBP4YLUA;
				GENERATE_INFOPLIST_FILE = YES;
				MARKETING_VERSION = 1.0;
				PRODUCT_BUNDLE_IDENTIFIER = DefaltLeeTest.WeatherAppUITests;
				PRODUCT_NAME = "$(TARGET_NAME)";
				SWIFT_EMIT_LOC_STRINGS = NO;
				SWIFT_VERSION = 5.0;
				TARGETED_DEVICE_FAMILY = "1,2";
				TEST_TARGET_NAME = WeatherApp;
			};
			name = Release;
		};
/* End XCBuildConfiguration section */

/* Begin XCConfigurationList section */
		E7CFD17B2807F199004A8049 /* Build configuration list for PBXProject "WeatherApp" */ = {
			isa = XCConfigurationList;
			buildConfigurations = (
				E7CFD1A82807F1A0004A8049 /* Debug */,
				E7CFD1A92807F1A0004A8049 /* Release */,
			);
			defaultConfigurationIsVisible = 0;
			defaultConfigurationName = Release;
		};
		E7CFD1AA2807F1A0004A8049 /* Build configuration list for PBXNativeTarget "WeatherApp" */ = {
			isa = XCConfigurationList;
			buildConfigurations = (
				E7CFD1AB2807F1A0004A8049 /* Debug */,
				E7CFD1AC2807F1A0004A8049 /* Release */,
			);
			defaultConfigurationIsVisible = 0;
			defaultConfigurationName = Release;
		};
		E7CFD1AD2807F1A0004A8049 /* Build configuration list for PBXNativeTarget "WeatherAppTests" */ = {
			isa = XCConfigurationList;
			buildConfigurations = (
				E7CFD1AE2807F1A0004A8049 /* Debug */,
				E7CFD1AF2807F1A0004A8049 /* Release */,
			);
			defaultConfigurationIsVisible = 0;
			defaultConfigurationName = Release;
		};
		E7CFD1B02807F1A0004A8049 /* Build configuration list for PBXNativeTarget "WeatherAppUITests" */ = {
			isa = XCConfigurationList;
			buildConfigurations = (
				E7CFD1B12807F1A0004A8049 /* Debug */,
				E7CFD1B22807F1A0004A8049 /* Release */,
			);
			defaultConfigurationIsVisible = 0;
			defaultConfigurationName = Release;
		};
/* End XCConfigurationList section */
	};
	rootObject = E7CFD1782807F199004A8049 /* Project object */;
}
